// !$*UTF8*$!
{
	archiveVersion = 1;
	classes = {
	};
	objectVersion = 51;
	objects = {

/* Begin PBXBuildFile section */
		16CF8DF4B24D485A124AC9CE /* Pods_Get_Fit.framework in Frameworks */ = {isa = PBXBuildFile; fileRef = 8CF496DD02BF99AEC9B8452F /* Pods_Get_Fit.framework */; };
		F1659E4E24B132F200E4C2A5 /* HealthData.swift in Sources */ = {isa = PBXBuildFile; fileRef = F1659E4D24B132F200E4C2A5 /* HealthData.swift */; };
		F1659E5124B1468800E4C2A5 /* HealthKit.framework in Frameworks */ = {isa = PBXBuildFile; fileRef = F1659E5024B1468800E4C2A5 /* HealthKit.framework */; };
		F1659E5324B1A1EE00E4C2A5 /* FoodVC.swift in Sources */ = {isa = PBXBuildFile; fileRef = F1659E5224B1A1EE00E4C2A5 /* FoodVC.swift */; };
		F1659E5524B1A22D00E4C2A5 /* Updater.swift in Sources */ = {isa = PBXBuildFile; fileRef = F1659E5424B1A22D00E4C2A5 /* Updater.swift */; };
		F17B306D24A7E9D80043F9AE /* AppDelegate.swift in Sources */ = {isa = PBXBuildFile; fileRef = F17B306C24A7E9D80043F9AE /* AppDelegate.swift */; };
		F17B306F24A7E9D80043F9AE /* SceneDelegate.swift in Sources */ = {isa = PBXBuildFile; fileRef = F17B306E24A7E9D80043F9AE /* SceneDelegate.swift */; };
		F17B307124A7E9D80043F9AE /* ViewController.swift in Sources */ = {isa = PBXBuildFile; fileRef = F17B307024A7E9D80043F9AE /* ViewController.swift */; };
		F17B307424A7E9D80043F9AE /* Main.storyboard in Resources */ = {isa = PBXBuildFile; fileRef = F17B307224A7E9D80043F9AE /* Main.storyboard */; };
		F17B307724A7E9D80043F9AE /* Get_Fit.xcdatamodeld in Sources */ = {isa = PBXBuildFile; fileRef = F17B307524A7E9D80043F9AE /* Get_Fit.xcdatamodeld */; };
		F17B307924A7E9DC0043F9AE /* Assets.xcassets in Resources */ = {isa = PBXBuildFile; fileRef = F17B307824A7E9DC0043F9AE /* Assets.xcassets */; };
		F17B307C24A7E9DC0043F9AE /* LaunchScreen.storyboard in Resources */ = {isa = PBXBuildFile; fileRef = F17B307A24A7E9DC0043F9AE /* LaunchScreen.storyboard */; };
		F1AD3C2524A7FBDE00AF313E /* GoogleService-Info.plist in Resources */ = {isa = PBXBuildFile; fileRef = F1AD3C2424A7FBDE00AF313E /* GoogleService-Info.plist */; };
		F1AD3C2724A823DD00AF313E /* home_icon.png in Resources */ = {isa = PBXBuildFile; fileRef = F1AD3C2624A823DC00AF313E /* home_icon.png */; };
/* End PBXBuildFile section */

/* Begin PBXFileReference section */
		8CF496DD02BF99AEC9B8452F /* Pods_Get_Fit.framework */ = {isa = PBXFileReference; explicitFileType = wrapper.framework; includeInIndex = 0; path = Pods_Get_Fit.framework; sourceTree = BUILT_PRODUCTS_DIR; };
		B45263F77838324A345251BF /* Pods-Get Fit.release.xcconfig */ = {isa = PBXFileReference; includeInIndex = 1; lastKnownFileType = text.xcconfig; name = "Pods-Get Fit.release.xcconfig"; path = "Target Support Files/Pods-Get Fit/Pods-Get Fit.release.xcconfig"; sourceTree = "<group>"; };
		B9EB4E5F77223C3B8595D41E /* Pods-Get Fit.debug.xcconfig */ = {isa = PBXFileReference; includeInIndex = 1; lastKnownFileType = text.xcconfig; name = "Pods-Get Fit.debug.xcconfig"; path = "Target Support Files/Pods-Get Fit/Pods-Get Fit.debug.xcconfig"; sourceTree = "<group>"; };
		F1659E4D24B132F200E4C2A5 /* HealthData.swift */ = {isa = PBXFileReference; lastKnownFileType = sourcecode.swift; path = HealthData.swift; sourceTree = "<group>"; };
		F1659E4F24B1468700E4C2A5 /* Get Fit.entitlements */ = {isa = PBXFileReference; lastKnownFileType = text.plist.entitlements; path = "Get Fit.entitlements"; sourceTree = "<group>"; };
		F1659E5024B1468800E4C2A5 /* HealthKit.framework */ = {isa = PBXFileReference; lastKnownFileType = wrapper.framework; name = HealthKit.framework; path = System/Library/Frameworks/HealthKit.framework; sourceTree = SDKROOT; };
		F1659E5224B1A1EE00E4C2A5 /* FoodVC.swift */ = {isa = PBXFileReference; lastKnownFileType = sourcecode.swift; path = FoodVC.swift; sourceTree = "<group>"; };
		F1659E5424B1A22D00E4C2A5 /* Updater.swift */ = {isa = PBXFileReference; lastKnownFileType = sourcecode.swift; path = Updater.swift; sourceTree = "<group>"; };
		F17B306924A7E9D80043F9AE /* Get Fit.app */ = {isa = PBXFileReference; explicitFileType = wrapper.application; includeInIndex = 0; path = "Get Fit.app"; sourceTree = BUILT_PRODUCTS_DIR; };
		F17B306C24A7E9D80043F9AE /* AppDelegate.swift */ = {isa = PBXFileReference; lastKnownFileType = sourcecode.swift; path = AppDelegate.swift; sourceTree = "<group>"; };
		F17B306E24A7E9D80043F9AE /* SceneDelegate.swift */ = {isa = PBXFileReference; lastKnownFileType = sourcecode.swift; path = SceneDelegate.swift; sourceTree = "<group>"; };
		F17B307024A7E9D80043F9AE /* ViewController.swift */ = {isa = PBXFileReference; lastKnownFileType = sourcecode.swift; path = ViewController.swift; sourceTree = "<group>"; };
		F17B307324A7E9D80043F9AE /* Base */ = {isa = PBXFileReference; lastKnownFileType = file.storyboard; name = Base; path = Base.lproj/Main.storyboard; sourceTree = "<group>"; };
		F17B307624A7E9D80043F9AE /* Get_Fit.xcdatamodel */ = {isa = PBXFileReference; lastKnownFileType = wrapper.xcdatamodel; path = Get_Fit.xcdatamodel; sourceTree = "<group>"; };
		F17B307824A7E9DC0043F9AE /* Assets.xcassets */ = {isa = PBXFileReference; lastKnownFileType = folder.assetcatalog; path = Assets.xcassets; sourceTree = "<group>"; };
		F17B307B24A7E9DC0043F9AE /* Base */ = {isa = PBXFileReference; lastKnownFileType = file.storyboard; name = Base; path = Base.lproj/LaunchScreen.storyboard; sourceTree = "<group>"; };
		F17B307D24A7E9DC0043F9AE /* Info.plist */ = {isa = PBXFileReference; lastKnownFileType = text.plist.xml; path = Info.plist; sourceTree = "<group>"; };
		F1AD3C2424A7FBDE00AF313E /* GoogleService-Info.plist */ = {isa = PBXFileReference; fileEncoding = 4; lastKnownFileType = text.plist.xml; path = "GoogleService-Info.plist"; sourceTree = "<group>"; };
		F1AD3C2624A823DC00AF313E /* home_icon.png */ = {isa = PBXFileReference; lastKnownFileType = image.png; path = home_icon.png; sourceTree = SOURCE_ROOT; };
/* End PBXFileReference section */

/* Begin PBXFrameworksBuildPhase section */
		F17B306624A7E9D80043F9AE /* Frameworks */ = {
			isa = PBXFrameworksBuildPhase;
			buildActionMask = 2147483647;
			files = (
				16CF8DF4B24D485A124AC9CE /* Pods_Get_Fit.framework in Frameworks */,
				F1659E5124B1468800E4C2A5 /* HealthKit.framework in Frameworks */,
			);
			runOnlyForDeploymentPostprocessing = 0;
		};
/* End PBXFrameworksBuildPhase section */

/* Begin PBXGroup section */
		3E2BB20EF80760E2E3574A44 /* Pods */ = {
			isa = PBXGroup;
			children = (
				B9EB4E5F77223C3B8595D41E /* Pods-Get Fit.debug.xcconfig */,
				B45263F77838324A345251BF /* Pods-Get Fit.release.xcconfig */,
			);
			path = Pods;
			sourceTree = "<group>";
		};
		DECBB4198D11289F4774B9C5 /* Frameworks */ = {
			isa = PBXGroup;
			children = (
				F1659E5024B1468800E4C2A5 /* HealthKit.framework */,
				8CF496DD02BF99AEC9B8452F /* Pods_Get_Fit.framework */,
			);
			name = Frameworks;
			sourceTree = "<group>";
		};
		F17B306024A7E9D80043F9AE = {
			isa = PBXGroup;
			children = (
				F17B306B24A7E9D80043F9AE /* Get Fit */,
				F17B306A24A7E9D80043F9AE /* Products */,
				3E2BB20EF80760E2E3574A44 /* Pods */,
				DECBB4198D11289F4774B9C5 /* Frameworks */,
			);
			sourceTree = "<group>";
		};
		F17B306A24A7E9D80043F9AE /* Products */ = {
			isa = PBXGroup;
			children = (
				F17B306924A7E9D80043F9AE /* Get Fit.app */,
			);
			name = Products;
			sourceTree = "<group>";
		};
		F17B306B24A7E9D80043F9AE /* Get Fit */ = {
			isa = PBXGroup;
			children = (
				F1659E4F24B1468700E4C2A5 /* Get Fit.entitlements */,
				F17B306C24A7E9D80043F9AE /* AppDelegate.swift */,
				F17B306E24A7E9D80043F9AE /* SceneDelegate.swift */,
				F1AD3C2424A7FBDE00AF313E /* GoogleService-Info.plist */,
				F17B307024A7E9D80043F9AE /* ViewController.swift */,
				F1659E5224B1A1EE00E4C2A5 /* FoodVC.swift */,
				F1659E5424B1A22D00E4C2A5 /* Updater.swift */,
				F17B307224A7E9D80043F9AE /* Main.storyboard */,
				F1AD3C2624A823DC00AF313E /* home_icon.png */,
				F17B307824A7E9DC0043F9AE /* Assets.xcassets */,
				F17B307A24A7E9DC0043F9AE /* LaunchScreen.storyboard */,
				F17B307D24A7E9DC0043F9AE /* Info.plist */,
				F17B307524A7E9D80043F9AE /* Get_Fit.xcdatamodeld */,
				F1659E4D24B132F200E4C2A5 /* HealthData.swift */,
			);
			path = "Get Fit";
			sourceTree = "<group>";
		};
/* End PBXGroup section */

/* Begin PBXNativeTarget section */
		F17B306824A7E9D80043F9AE /* Get Fit */ = {
			isa = PBXNativeTarget;
			buildConfigurationList = F17B308024A7E9DC0043F9AE /* Build configuration list for PBXNativeTarget "Get Fit" */;
			buildPhases = (
				7E1D342A24803417920F856F /* [CP] Check Pods Manifest.lock */,
				F17B306524A7E9D80043F9AE /* Sources */,
				F17B306624A7E9D80043F9AE /* Frameworks */,
				F17B306724A7E9D80043F9AE /* Resources */,
				CD089DE0F5E06ABD8949FE93 /* [CP] Embed Pods Frameworks */,
			);
			buildRules = (
			);
			dependencies = (
			);
			name = "Get Fit";
			productName = "Get Fit";
			productReference = F17B306924A7E9D80043F9AE /* Get Fit.app */;
			productType = "com.apple.product-type.application";
		};
/* End PBXNativeTarget section */

/* Begin PBXProject section */
		F17B306124A7E9D80043F9AE /* Project object */ = {
			isa = PBXProject;
			attributes = {
				LastSwiftUpdateCheck = 1150;
				LastUpgradeCheck = 1150;
				ORGANIZATIONNAME = "Ewin Zuo";
				TargetAttributes = {
					F17B306824A7E9D80043F9AE = {
						CreatedOnToolsVersion = 11.5;
					};
				};
			};
			buildConfigurationList = F17B306424A7E9D80043F9AE /* Build configuration list for PBXProject "Get Fit" */;
			compatibilityVersion = "Xcode 9.3";
			developmentRegion = en;
			hasScannedForEncodings = 0;
			knownRegions = (
				en,
				Base,
			);
			mainGroup = F17B306024A7E9D80043F9AE;
			productRefGroup = F17B306A24A7E9D80043F9AE /* Products */;
			projectDirPath = "";
			projectRoot = "";
			targets = (
				F17B306824A7E9D80043F9AE /* Get Fit */,
			);
		};
/* End PBXProject section */

/* Begin PBXResourcesBuildPhase section */
		F17B306724A7E9D80043F9AE /* Resources */ = {
			isa = PBXResourcesBuildPhase;
			buildActionMask = 2147483647;
			files = (
				F17B307C24A7E9DC0043F9AE /* LaunchScreen.storyboard in Resources */,
				F1AD3C2524A7FBDE00AF313E /* GoogleService-Info.plist in Resources */,
				F17B307924A7E9DC0043F9AE /* Assets.xcassets in Resources */,
				F1AD3C2724A823DD00AF313E /* home_icon.png in Resources */,
				F17B307424A7E9D80043F9AE /* Main.storyboard in Resources */,
			);
			runOnlyForDeploymentPostprocessing = 0;
		};
/* End PBXResourcesBuildPhase section */

/* Begin PBXShellScriptBuildPhase section */
		7E1D342A24803417920F856F /* [CP] Check Pods Manifest.lock */ = {
			isa = PBXShellScriptBuildPhase;
			buildActionMask = 2147483647;
			files = (
			);
			inputFileListPaths = (
			);
			inputPaths = (
				"${PODS_PODFILE_DIR_PATH}/Podfile.lock",
				"${PODS_ROOT}/Manifest.lock",
			);
			name = "[CP] Check Pods Manifest.lock";
			outputFileListPaths = (
			);
			outputPaths = (
				"$(DERIVED_FILE_DIR)/Pods-Get Fit-checkManifestLockResult.txt",
			);
			runOnlyForDeploymentPostprocessing = 0;
			shellPath = /bin/sh;
			shellScript = "diff \"${PODS_PODFILE_DIR_PATH}/Podfile.lock\" \"${PODS_ROOT}/Manifest.lock\" > /dev/null\nif [ $? != 0 ] ; then\n    # print error to STDERR\n    echo \"error: The sandbox is not in sync with the Podfile.lock. Run 'pod install' or update your CocoaPods installation.\" >&2\n    exit 1\nfi\n# This output is used by Xcode 'outputs' to avoid re-running this script phase.\necho \"SUCCESS\" > \"${SCRIPT_OUTPUT_FILE_0}\"\n";
			showEnvVarsInLog = 0;
		};
		CD089DE0F5E06ABD8949FE93 /* [CP] Embed Pods Frameworks */ = {
			isa = PBXShellScriptBuildPhase;
			buildActionMask = 2147483647;
			files = (
			);
			inputFileListPaths = (
				"${PODS_ROOT}/Target Support Files/Pods-Get Fit/Pods-Get Fit-frameworks-${CONFIGURATION}-input-files.xcfilelist",
			);
			name = "[CP] Embed Pods Frameworks";
			outputFileListPaths = (
				"${PODS_ROOT}/Target Support Files/Pods-Get Fit/Pods-Get Fit-frameworks-${CONFIGURATION}-output-files.xcfilelist",
			);
			runOnlyForDeploymentPostprocessing = 0;
			shellPath = /bin/sh;
			shellScript = "\"${PODS_ROOT}/Target Support Files/Pods-Get Fit/Pods-Get Fit-frameworks.sh\"\n";
			showEnvVarsInLog = 0;
		};
/* End PBXShellScriptBuildPhase section */

/* Begin PBXSourcesBuildPhase section */
		F17B306524A7E9D80043F9AE /* Sources */ = {
			isa = PBXSourcesBuildPhase;
			buildActionMask = 2147483647;
			files = (
				F17B307124A7E9D80043F9AE /* ViewController.swift in Sources */,
				F1659E4E24B132F200E4C2A5 /* HealthData.swift in Sources */,
				F1659E5524B1A22D00E4C2A5 /* Updater.swift in Sources */,
				F1659E5324B1A1EE00E4C2A5 /* FoodVC.swift in Sources */,
				F17B306D24A7E9D80043F9AE /* AppDelegate.swift in Sources */,
				F17B307724A7E9D80043F9AE /* Get_Fit.xcdatamodeld in Sources */,
				F17B306F24A7E9D80043F9AE /* SceneDelegate.swift in Sources */,
			);
			runOnlyForDeploymentPostprocessing = 0;
		};
/* End PBXSourcesBuildPhase section */

/* Begin PBXVariantGroup section */
		F17B307224A7E9D80043F9AE /* Main.storyboard */ = {
			isa = PBXVariantGroup;
			children = (
				F17B307324A7E9D80043F9AE /* Base */,
			);
			name = Main.storyboard;
			sourceTree = "<group>";
		};
		F17B307A24A7E9DC0043F9AE /* LaunchScreen.storyboard */ = {
			isa = PBXVariantGroup;
			children = (
				F17B307B24A7E9DC0043F9AE /* Base */,
			);
			name = LaunchScreen.storyboard;
			sourceTree = "<group>";
		};
/* End PBXVariantGroup section */

/* Begin XCBuildConfiguration section */
		F17B307E24A7E9DC0043F9AE /* Debug */ = {
			isa = XCBuildConfiguration;
			buildSettings = {
				ALWAYS_SEARCH_USER_PATHS = NO;
				CLANG_ANALYZER_NONNULL = YES;
				CLANG_ANALYZER_NUMBER_OBJECT_CONVERSION = YES_AGGRESSIVE;
				CLANG_CXX_LANGUAGE_STANDARD = "gnu++14";
				CLANG_CXX_LIBRARY = "libc++";
				CLANG_ENABLE_MODULES = YES;
				CLANG_ENABLE_OBJC_ARC = YES;
				CLANG_ENABLE_OBJC_WEAK = YES;
				CLANG_WARN_BLOCK_CAPTURE_AUTORELEASING = YES;
				CLANG_WARN_BOOL_CONVERSION = YES;
				CLANG_WARN_COMMA = YES;
				CLANG_WARN_CONSTANT_CONVERSION = YES;
				CLANG_WARN_DEPRECATED_OBJC_IMPLEMENTATIONS = YES;
				CLANG_WARN_DIRECT_OBJC_ISA_USAGE = YES_ERROR;
				CLANG_WARN_DOCUMENTATION_COMMENTS = YES;
				CLANG_WARN_EMPTY_BODY = YES;
				CLANG_WARN_ENUM_CONVERSION = YES;
				CLANG_WARN_INFINITE_RECURSION = YES;
				CLANG_WARN_INT_CONVERSION = YES;
				CLANG_WARN_NON_LITERAL_NULL_CONVERSION = YES;
				CLANG_WARN_OBJC_IMPLICIT_RETAIN_SELF = YES;
				CLANG_WARN_OBJC_LITERAL_CONVERSION = YES;
				CLANG_WARN_OBJC_ROOT_CLASS = YES_ERROR;
				CLANG_WARN_RANGE_LOOP_ANALYSIS = YES;
				CLANG_WARN_STRICT_PROTOTYPES = YES;
				CLANG_WARN_SUSPICIOUS_MOVE = YES;
				CLANG_WARN_UNGUARDED_AVAILABILITY = YES_AGGRESSIVE;
				CLANG_WARN_UNREACHABLE_CODE = YES;
				CLANG_WARN__DUPLICATE_METHOD_MATCH = YES;
				COPY_PHASE_STRIP = NO;
				DEBUG_INFORMATION_FORMAT = dwarf;
				ENABLE_STRICT_OBJC_MSGSEND = YES;
				ENABLE_TESTABILITY = YES;
				GCC_C_LANGUAGE_STANDARD = gnu11;
				GCC_DYNAMIC_NO_PIC = NO;
				GCC_NO_COMMON_BLOCKS = YES;
				GCC_OPTIMIZATION_LEVEL = 0;
				GCC_PREPROCESSOR_DEFINITIONS = (
					"DEBUG=1",
					"$(inherited)",
				);
				GCC_WARN_64_TO_32_BIT_CONVERSION = YES;
				GCC_WARN_ABOUT_RETURN_TYPE = YES_ERROR;
				GCC_WARN_UNDECLARED_SELECTOR = YES;
				GCC_WARN_UNINITIALIZED_AUTOS = YES_AGGRESSIVE;
				GCC_WARN_UNUSED_FUNCTION = YES;
				GCC_WARN_UNUSED_VARIABLE = YES;
				IPHONEOS_DEPLOYMENT_TARGET = 13.5;
				MTL_ENABLE_DEBUG_INFO = INCLUDE_SOURCE;
				MTL_FAST_MATH = YES;
				ONLY_ACTIVE_ARCH = YES;
				SDKROOT = iphoneos;
				SWIFT_ACTIVE_COMPILATION_CONDITIONS = DEBUG;
				SWIFT_OPTIMIZATION_LEVEL = "-Onone";
			};
			name = Debug;
		};
		F17B307F24A7E9DC0043F9AE /* Release */ = {
			isa = XCBuildConfiguration;
			buildSettings = {
				ALWAYS_SEARCH_USER_PATHS = NO;
				CLANG_ANALYZER_NONNULL = YES;
				CLANG_ANALYZER_NUMBER_OBJECT_CONVERSION = YES_AGGRESSIVE;
				CLANG_CXX_LANGUAGE_STANDARD = "gnu++14";
				CLANG_CXX_LIBRARY = "libc++";
				CLANG_ENABLE_MODULES = YES;
				CLANG_ENABLE_OBJC_ARC = YES;
				CLANG_ENABLE_OBJC_WEAK = YES;
				CLANG_WARN_BLOCK_CAPTURE_AUTORELEASING = YES;
				CLANG_WARN_BOOL_CONVERSION = YES;
				CLANG_WARN_COMMA = YES;
				CLANG_WARN_CONSTANT_CONVERSION = YES;
				CLANG_WARN_DEPRECATED_OBJC_IMPLEMENTATIONS = YES;
				CLANG_WARN_DIRECT_OBJC_ISA_USAGE = YES_ERROR;
				CLANG_WARN_DOCUMENTATION_COMMENTS = YES;
				CLANG_WARN_EMPTY_BODY = YES;
				CLANG_WARN_ENUM_CONVERSION = YES;
				CLANG_WARN_INFINITE_RECURSION = YES;
				CLANG_WARN_INT_CONVERSION = YES;
				CLANG_WARN_NON_LITERAL_NULL_CONVERSION = YES;
				CLANG_WARN_OBJC_IMPLICIT_RETAIN_SELF = YES;
				CLANG_WARN_OBJC_LITERAL_CONVERSION = YES;
				CLANG_WARN_OBJC_ROOT_CLASS = YES_ERROR;
				CLANG_WARN_RANGE_LOOP_ANALYSIS = YES;
				CLANG_WARN_STRICT_PROTOTYPES = YES;
				CLANG_WARN_SUSPICIOUS_MOVE = YES;
				CLANG_WARN_UNGUARDED_AVAILABILITY = YES_AGGRESSIVE;
				CLANG_WARN_UNREACHABLE_CODE = YES;
				CLANG_WARN__DUPLICATE_METHOD_MATCH = YES;
				COPY_PHASE_STRIP = NO;
				DEBUG_INFORMATION_FORMAT = "dwarf-with-dsym";
				ENABLE_NS_ASSERTIONS = NO;
				ENABLE_STRICT_OBJC_MSGSEND = YES;
				GCC_C_LANGUAGE_STANDARD = gnu11;
				GCC_NO_COMMON_BLOCKS = YES;
				GCC_WARN_64_TO_32_BIT_CONVERSION = YES;
				GCC_WARN_ABOUT_RETURN_TYPE = YES_ERROR;
				GCC_WARN_UNDECLARED_SELECTOR = YES;
				GCC_WARN_UNINITIALIZED_AUTOS = YES_AGGRESSIVE;
				GCC_WARN_UNUSED_FUNCTION = YES;
				GCC_WARN_UNUSED_VARIABLE = YES;
				IPHONEOS_DEPLOYMENT_TARGET = 13.5;
				MTL_ENABLE_DEBUG_INFO = NO;
				MTL_FAST_MATH = YES;
				SDKROOT = iphoneos;
				SWIFT_COMPILATION_MODE = wholemodule;
				SWIFT_OPTIMIZATION_LEVEL = "-O";
				VALIDATE_PRODUCT = YES;
			};
			name = Release;
		};
		F17B308124A7E9DC0043F9AE /* Debug */ = {
			isa = XCBuildConfiguration;
			baseConfigurationReference = B9EB4E5F77223C3B8595D41E /* Pods-Get Fit.debug.xcconfig */;
			buildSettings = {
				ASSETCATALOG_COMPILER_APPICON_NAME = AppIcon;
				CODE_SIGN_ENTITLEMENTS = "Get Fit/Get Fit.entitlements";
				CODE_SIGN_STYLE = Automatic;
				DEVELOPMENT_TEAM = VPPJL6QB4C;
				INFOPLIST_FILE = "Get Fit/Info.plist";
				IPHONEOS_DEPLOYMENT_TARGET = 13.2;
				LD_RUNPATH_SEARCH_PATHS = (
					"$(inherited)",
					"@executable_path/Frameworks",
				);
				PRODUCT_BUNDLE_IDENTIFIER = "com.ewin.Get-Fit";
				PRODUCT_NAME = "$(TARGET_NAME)";
				SWIFT_VERSION = 5.0;
				TARGETED_DEVICE_FAMILY = "1,2";
			};
			name = Debug;
		};
		F17B308224A7E9DC0043F9AE /* Release */ = {
			isa = XCBuildConfiguration;
			baseConfigurationReference = B45263F77838324A345251BF /* Pods-Get Fit.release.xcconfig */;
			buildSettings = {
				ASSETCATALOG_COMPILER_APPICON_NAME = AppIcon;
				CODE_SIGN_ENTITLEMENTS = "Get Fit/Get Fit.entitlements";
				CODE_SIGN_STYLE = Automatic;
				DEVELOPMENT_TEAM = VPPJL6QB4C;
				INFOPLIST_FILE = "Get Fit/Info.plist";
				IPHONEOS_DEPLOYMENT_TARGET = 13.2;
				LD_RUNPATH_SEARCH_PATHS = (
					"$(inherited)",
					"@executable_path/Frameworks",
				);
				PRODUCT_BUNDLE_IDENTIFIER = "com.ewin.Get-Fit";
				PRODUCT_NAME = "$(TARGET_NAME)";
				SWIFT_VERSION = 5.0;
				TARGETED_DEVICE_FAMILY = "1,2";
			};
			name = Release;
		};
/* End XCBuildConfiguration section */

/* Begin XCConfigurationList section */
		F17B306424A7E9D80043F9AE /* Build configuration list for PBXProject "Get Fit" */ = {
			isa = XCConfigurationList;
			buildConfigurations = (
				F17B307E24A7E9DC0043F9AE /* Debug */,
				F17B307F24A7E9DC0043F9AE /* Release */,
			);
			defaultConfigurationIsVisible = 0;
			defaultConfigurationName = Release;
		};
		F17B308024A7E9DC0043F9AE /* Build configuration list for PBXNativeTarget "Get Fit" */ = {
			isa = XCConfigurationList;
			buildConfigurations = (
				F17B308124A7E9DC0043F9AE /* Debug */,
				F17B308224A7E9DC0043F9AE /* Release */,
			);
			defaultConfigurationIsVisible = 0;
			defaultConfigurationName = Release;
		};
/* End XCConfigurationList section */

/* Begin XCVersionGroup section */
		F17B307524A7E9D80043F9AE /* Get_Fit.xcdatamodeld */ = {
			isa = XCVersionGroup;
			children = (
				F17B307624A7E9D80043F9AE /* Get_Fit.xcdatamodel */,
			);
			currentVersion = F17B307624A7E9D80043F9AE /* Get_Fit.xcdatamodel */;
			path = Get_Fit.xcdatamodeld;
			sourceTree = "<group>";
			versionGroupType = wrapper.xcdatamodel;
		};
/* End XCVersionGroup section */
	};
	rootObject = F17B306124A7E9D80043F9AE /* Project object */;
}
